
Microsoft Visual Studio Solution File, Format Version 12.00
# Visual Studio Version 17
VisualStudioVersion = 17.3.32819.101
MinimumVisualStudioVersion = 10.0.40219.1
Project("{FAE04EC0-301F-11D3-BF4B-00C04F79EFBC}") = "WebScapper_Test", "WebScapper_Test\WebScapper_Test.csproj", "{6066056C-B677-4089-9085-CBF6D8CFDA17}"
EndProject
Global
	GlobalSection(SolutionConfigurationPlatforms) = preSolution
		Debug|Any CPU = Debug|Any CPU
		Release|Any CPU = Release|Any CPU
	EndGlobalSection
	GlobalSection(ProjectConfigurationPlatforms) = postSolution
		{6066056C-B677-4089-9085-CBF6D8CFDA17}.Debug|Any CPU.ActiveCfg = Debug|Any CPU
		{6066056C-B677-4089-9085-CBF6D8CFDA17}.Debug|Any CPU.Build.0 = Debug|Any CPU
		{6066056C-B677-4089-9085-CBF6D8CFDA17}.Release|Any CPU.ActiveCfg = Release|Any CPU
		{6066056C-B677-4089-9085-CBF6D8CFDA17}.Release|Any CPU.Build.0 = Release|Any CPU
	EndGlobalSection
	GlobalSection(SolutionProperties) = preSolution
		HideSolutionNode = FALSE
	EndGlobalSection
	GlobalSection(ExtensibilityGlobals) = postSolution
		SolutionGuid = {9B89FE5B-C36A-49DD-89BA-1BBF8D647035}
	EndGlobalSection
EndGlobal
